// !$*UTF8*$!
{
	archiveVersion = 1;
	classes = {
	};
	objectVersion = 46;
	objects = {

/* Begin PBXBuildFile section */
		33FC820A94AF16AE9585D3CC /* libPods-A_Category.a in Frameworks */ = {isa = PBXBuildFile; fileRef = 1C409D050901C4F98466E3F9 /* libPods-A_Category.a */; };
		D387E1071F42DBF200A5459A /* main.m in Sources */ = {isa = PBXBuildFile; fileRef = D387E1061F42DBF200A5459A /* main.m */; };
		D387E10A1F42DBF200A5459A /* AppDelegate.m in Sources */ = {isa = PBXBuildFile; fileRef = D387E1091F42DBF200A5459A /* AppDelegate.m */; };
		D387E10D1F42DBF200A5459A /* ViewController.m in Sources */ = {isa = PBXBuildFile; fileRef = D387E10C1F42DBF200A5459A /* ViewController.m */; };
		D387E1101F42DBF200A5459A /* Main.storyboard in Resources */ = {isa = PBXBuildFile; fileRef = D387E10E1F42DBF200A5459A /* Main.storyboard */; };
		D387E1121F42DBF200A5459A /* Assets.xcassets in Resources */ = {isa = PBXBuildFile; fileRef = D387E1111F42DBF200A5459A /* Assets.xcassets */; };
		D387E1151F42DBF200A5459A /* LaunchScreen.storyboard in Resources */ = {isa = PBXBuildFile; fileRef = D387E1131F42DBF200A5459A /* LaunchScreen.storyboard */; };
		D387E1201F42DBF200A5459A /* A_CategoryTests.m in Sources */ = {isa = PBXBuildFile; fileRef = D387E11F1F42DBF200A5459A /* A_CategoryTests.m */; };
		D387E12B1F42DBF200A5459A /* A_CategoryUITests.m in Sources */ = {isa = PBXBuildFile; fileRef = D387E12A1F42DBF200A5459A /* A_CategoryUITests.m */; };
		D387E13D1F42DE5F00A5459A /* CTMediator+A.m in Sources */ = {isa = PBXBuildFile; fileRef = D387E13C1F42DE5F00A5459A /* CTMediator+A.m */; };
/* End PBXBuildFile section */

/* Begin PBXContainerItemProxy section */
		D387E11C1F42DBF200A5459A /* PBXContainerItemProxy */ = {
			isa = PBXContainerItemProxy;
			containerPortal = D387E0FA1F42DBF200A5459A /* Project object */;
			proxyType = 1;
			remoteGlobalIDString = D387E1011F42DBF200A5459A;
			remoteInfo = A_Category;
		};
		D387E1271F42DBF200A5459A /* PBXContainerItemProxy */ = {
			isa = PBXContainerItemProxy;
			containerPortal = D387E0FA1F42DBF200A5459A /* Project object */;
			proxyType = 1;
			remoteGlobalIDString = D387E1011F42DBF200A5459A;
			remoteInfo = A_Category;
		};
/* End PBXContainerItemProxy section */

/* Begin PBXFileReference section */
		1C409D050901C4F98466E3F9 /* libPods-A_Category.a */ = {isa = PBXFileReference; explicitFileType = archive.ar; includeInIndex = 0; path = "libPods-A_Category.a"; sourceTree = BUILT_PRODUCTS_DIR; };
		6E09A83B0A61388F9B6DDE9C /* Pods-A_Category.debug.xcconfig */ = {isa = PBXFileReference; includeInIndex = 1; lastKnownFileType = text.xcconfig; name = "Pods-A_Category.debug.xcconfig"; path = "Pods/Target Support Files/Pods-A_Category/Pods-A_Category.debug.xcconfig"; sourceTree = "<group>"; };
		C9B761B471E6C0DB4C3B6D40 /* Pods-A_Category.release.xcconfig */ = {isa = PBXFileReference; includeInIndex = 1; lastKnownFileType = text.xcconfig; name = "Pods-A_Category.release.xcconfig"; path = "Pods/Target Support Files/Pods-A_Category/Pods-A_Category.release.xcconfig"; sourceTree = "<group>"; };
		D387E1021F42DBF200A5459A /* A_Category.app */ = {isa = PBXFileReference; explicitFileType = wrapper.application; includeInIndex = 0; path = A_Category.app; sourceTree = BUILT_PRODUCTS_DIR; };
		D387E1061F42DBF200A5459A /* main.m */ = {isa = PBXFileReference; lastKnownFileType = sourcecode.c.objc; path = main.m; sourceTree = "<group>"; };
		D387E1081F42DBF200A5459A /* AppDelegate.h */ = {isa = PBXFileReference; lastKnownFileType = sourcecode.c.h; path = AppDelegate.h; sourceTree = "<group>"; };
		D387E1091F42DBF200A5459A /* AppDelegate.m */ = {isa = PBXFileReference; lastKnownFileType = sourcecode.c.objc; path = AppDelegate.m; sourceTree = "<group>"; };
		D387E10B1F42DBF200A5459A /* ViewController.h */ = {isa = PBXFileReference; lastKnownFileType = sourcecode.c.h; path = ViewController.h; sourceTree = "<group>"; };
		D387E10C1F42DBF200A5459A /* ViewController.m */ = {isa = PBXFileReference; lastKnownFileType = sourcecode.c.objc; path = ViewController.m; sourceTree = "<group>"; };
		D387E10F1F42DBF200A5459A /* Base */ = {isa = PBXFileReference; lastKnownFileType = file.storyboard; name = Base; path = Base.lproj/Main.storyboard; sourceTree = "<group>"; };
		D387E1111F42DBF200A5459A /* Assets.xcassets */ = {isa = PBXFileReference; lastKnownFileType = folder.assetcatalog; path = Assets.xcassets; sourceTree = "<group>"; };
		D387E1141F42DBF200A5459A /* Base */ = {isa = PBXFileReference; lastKnownFileType = file.storyboard; name = Base; path = Base.lproj/LaunchScreen.storyboard; sourceTree = "<group>"; };
		D387E1161F42DBF200A5459A /* Info.plist */ = {isa = PBXFileReference; lastKnownFileType = text.plist.xml; path = Info.plist; sourceTree = "<group>"; };
		D387E11B1F42DBF200A5459A /* A_CategoryTests.xctest */ = {isa = PBXFileReference; explicitFileType = wrapper.cfbundle; includeInIndex = 0; path = A_CategoryTests.xctest; sourceTree = BUILT_PRODUCTS_DIR; };
		D387E11F1F42DBF200A5459A /* A_CategoryTests.m */ = {isa = PBXFileReference; lastKnownFileType = sourcecode.c.objc; path = A_CategoryTests.m; sourceTree = "<group>"; };
		D387E1211F42DBF200A5459A /* Info.plist */ = {isa = PBXFileReference; lastKnownFileType = text.plist.xml; path = Info.plist; sourceTree = "<group>"; };
		D387E1261F42DBF200A5459A /* A_CategoryUITests.xctest */ = {isa = PBXFileReference; explicitFileType = wrapper.cfbundle; includeInIndex = 0; path = A_CategoryUITests.xctest; sourceTree = BUILT_PRODUCTS_DIR; };
		D387E12A1F42DBF200A5459A /* A_CategoryUITests.m */ = {isa = PBXFileReference; lastKnownFileType = sourcecode.c.objc; path = A_CategoryUITests.m; sourceTree = "<group>"; };
		D387E12C1F42DBF200A5459A /* Info.plist */ = {isa = PBXFileReference; lastKnownFileType = text.plist.xml; path = Info.plist; sourceTree = "<group>"; };
		D387E13B1F42DE5F00A5459A /* CTMediator+A.h */ = {isa = PBXFileReference; fileEncoding = 4; lastKnownFileType = sourcecode.c.h; path = "CTMediator+A.h"; sourceTree = "<group>"; };
		D387E13C1F42DE5F00A5459A /* CTMediator+A.m */ = {isa = PBXFileReference; fileEncoding = 4; lastKnownFileType = sourcecode.c.objc; path = "CTMediator+A.m"; sourceTree = "<group>"; };
/* End PBXFileReference section */

/* Begin PBXFrameworksBuildPhase section */
		D387E0FF1F42DBF200A5459A /* Frameworks */ = {
			isa = PBXFrameworksBuildPhase;
			buildActionMask = 2147483647;
			files = (
				33FC820A94AF16AE9585D3CC /* libPods-A_Category.a in Frameworks */,
			);
			runOnlyForDeploymentPostprocessing = 0;
		};
		D387E1181F42DBF200A5459A /* Frameworks */ = {
			isa = PBXFrameworksBuildPhase;
			buildActionMask = 2147483647;
			files = (
			);
			runOnlyForDeploymentPostprocessing = 0;
		};
		D387E1231F42DBF200A5459A /* Frameworks */ = {
			isa = PBXFrameworksBuildPhase;
			buildActionMask = 2147483647;
			files = (
			);
			runOnlyForDeploymentPostprocessing = 0;
		};
/* End PBXFrameworksBuildPhase section */

/* Begin PBXGroup section */
		231870BE8A7424DE522337E8 /* Pods */ = {
			isa = PBXGroup;
			children = (
				6E09A83B0A61388F9B6DDE9C /* Pods-A_Category.debug.xcconfig */,
				C9B761B471E6C0DB4C3B6D40 /* Pods-A_Category.release.xcconfig */,
			);
			name = Pods;
			sourceTree = "<group>";
		};
		961D9EF3C984B115FC50136F /* Frameworks */ = {
			isa = PBXGroup;
			children = (
				1C409D050901C4F98466E3F9 /* libPods-A_Category.a */,
			);
			name = Frameworks;
			sourceTree = "<group>";
		};
		D387E0F91F42DBF200A5459A = {
			isa = PBXGroup;
			children = (
				D387E1041F42DBF200A5459A /* A_Category */,
				D387E11E1F42DBF200A5459A /* A_CategoryTests */,
				D387E1291F42DBF200A5459A /* A_CategoryUITests */,
				D387E1031F42DBF200A5459A /* Products */,
				231870BE8A7424DE522337E8 /* Pods */,
				961D9EF3C984B115FC50136F /* Frameworks */,
			);
			sourceTree = "<group>";
		};
		D387E1031F42DBF200A5459A /* Products */ = {
			isa = PBXGroup;
			children = (
				D387E1021F42DBF200A5459A /* A_Category.app */,
				D387E11B1F42DBF200A5459A /* A_CategoryTests.xctest */,
				D387E1261F42DBF200A5459A /* A_CategoryUITests.xctest */,
			);
			name = Products;
			sourceTree = "<group>";
		};
		D387E1041F42DBF200A5459A /* A_Category */ = {
			isa = PBXGroup;
			children = (
				D387E13A1F42DE3200A5459A /* A_Category */,
				D387E1081F42DBF200A5459A /* AppDelegate.h */,
				D387E1091F42DBF200A5459A /* AppDelegate.m */,
				D387E10B1F42DBF200A5459A /* ViewController.h */,
				D387E10C1F42DBF200A5459A /* ViewController.m */,
				D387E10E1F42DBF200A5459A /* Main.storyboard */,
				D387E1111F42DBF200A5459A /* Assets.xcassets */,
				D387E1131F42DBF200A5459A /* LaunchScreen.storyboard */,
				D387E1161F42DBF200A5459A /* Info.plist */,
				D387E1051F42DBF200A5459A /* Supporting Files */,
			);
			path = A_Category;
			sourceTree = "<group>";
		};
		D387E1051F42DBF200A5459A /* Supporting Files */ = {
			isa = PBXGroup;
			children = (
				D387E1061F42DBF200A5459A /* main.m */,
			);
			name = "Supporting Files";
			sourceTree = "<group>";
		};
		D387E11E1F42DBF200A5459A /* A_CategoryTests */ = {
			isa = PBXGroup;
			children = (
				D387E11F1F42DBF200A5459A /* A_CategoryTests.m */,
				D387E1211F42DBF200A5459A /* Info.plist */,
			);
			path = A_CategoryTests;
			sourceTree = "<group>";
		};
		D387E1291F42DBF200A5459A /* A_CategoryUITests */ = {
			isa = PBXGroup;
			children = (
				D387E12A1F42DBF200A5459A /* A_CategoryUITests.m */,
				D387E12C1F42DBF200A5459A /* Info.plist */,
			);
			path = A_CategoryUITests;
			sourceTree = "<group>";
		};
		D387E13A1F42DE3200A5459A /* A_Category */ = {
			isa = PBXGroup;
			children = (
				D387E13B1F42DE5F00A5459A /* CTMediator+A.h */,
				D387E13C1F42DE5F00A5459A /* CTMediator+A.m */,
			);
			path = A_Category;
			sourceTree = "<group>";
		};
/* End PBXGroup section */

/* Begin PBXNativeTarget section */
		D387E1011F42DBF200A5459A /* A_Category */ = {
			isa = PBXNativeTarget;
			buildConfigurationList = D387E12F1F42DBF200A5459A /* Build configuration list for PBXNativeTarget "A_Category" */;
			buildPhases = (
				1D974CF87CC41D0CDAD22EC7 /* [CP] Check Pods Manifest.lock */,
				D387E0FE1F42DBF200A5459A /* Sources */,
				D387E0FF1F42DBF200A5459A /* Frameworks */,
				D387E1001F42DBF200A5459A /* Resources */,
				BF72A5BAD3427B9E20DCF7A4 /* [CP] Embed Pods Frameworks */,
				68E56EC14437E7B1EB134F46 /* [CP] Copy Pods Resources */,
			);
			buildRules = (
			);
			dependencies = (
			);
			name = A_Category;
			productName = A_Category;
			productReference = D387E1021F42DBF200A5459A /* A_Category.app */;
			productType = "com.apple.product-type.application";
		};
		D387E11A1F42DBF200A5459A /* A_CategoryTests */ = {
			isa = PBXNativeTarget;
			buildConfigurationList = D387E1321F42DBF200A5459A /* Build configuration list for PBXNativeTarget "A_CategoryTests" */;
			buildPhases = (
				D387E1171F42DBF200A5459A /* Sources */,
				D387E1181F42DBF200A5459A /* Frameworks */,
				D387E1191F42DBF200A5459A /* Resources */,
			);
			buildRules = (
			);
			dependencies = (
				D387E11D1F42DBF200A5459A /* PBXTargetDependency */,
			);
			name = A_CategoryTests;
			productName = A_CategoryTests;
			productReference = D387E11B1F42DBF200A5459A /* A_CategoryTests.xctest */;
			productType = "com.apple.product-type.bundle.unit-test";
		};
		D387E1251F42DBF200A5459A /* A_CategoryUITests */ = {
			isa = PBXNativeTarget;
			buildConfigurationList = D387E1351F42DBF200A5459A /* Build configuration list for PBXNativeTarget "A_CategoryUITests" */;
			buildPhases = (
				D387E1221F42DBF200A5459A /* Sources */,
				D387E1231F42DBF200A5459A /* Frameworks */,
				D387E1241F42DBF200A5459A /* Resources */,
			);
			buildRules = (
			);
			dependencies = (
				D387E1281F42DBF200A5459A /* PBXTargetDependency */,
			);
			name = A_CategoryUITests;
			productName = A_CategoryUITests;
			productReference = D387E1261F42DBF200A5459A /* A_CategoryUITests.xctest */;
			productType = "com.apple.product-type.bundle.ui-testing";
		};
/* End PBXNativeTarget section */

/* Begin PBXProject section */
		D387E0FA1F42DBF200A5459A /* Project object */ = {
			isa = PBXProject;
			attributes = {
				LastUpgradeCheck = 0830;
				ORGANIZATIONNAME = "赵希帆";
				TargetAttributes = {
					D387E1011F42DBF200A5459A = {
						CreatedOnToolsVersion = 8.3.3;
						DevelopmentTeam = 479JY7DY3H;
						ProvisioningStyle = Automatic;
					};
					D387E11A1F42DBF200A5459A = {
						CreatedOnToolsVersion = 8.3.3;
						ProvisioningStyle = Automatic;
						TestTargetID = D387E1011F42DBF200A5459A;
					};
					D387E1251F42DBF200A5459A = {
						CreatedOnToolsVersion = 8.3.3;
						ProvisioningStyle = Automatic;
						TestTargetID = D387E1011F42DBF200A5459A;
					};
				};
			};
			buildConfigurationList = D387E0FD1F42DBF200A5459A /* Build configuration list for PBXProject "A_Category" */;
			compatibilityVersion = "Xcode 3.2";
			developmentRegion = English;
			hasScannedForEncodings = 0;
			knownRegions = (
				en,
				Base,
			);
			mainGroup = D387E0F91F42DBF200A5459A;
			productRefGroup = D387E1031F42DBF200A5459A /* Products */;
			projectDirPath = "";
			projectRoot = "";
			targets = (
				D387E1011F42DBF200A5459A /* A_Category */,
				D387E11A1F42DBF200A5459A /* A_CategoryTests */,
				D387E1251F42DBF200A5459A /* A_CategoryUITests */,
			);
		};
/* End PBXProject section */

/* Begin PBXResourcesBuildPhase section */
		D387E1001F42DBF200A5459A /* Resources */ = {
			isa = PBXResourcesBuildPhase;
			buildActionMask = 2147483647;
			files = (
				D387E1151F42DBF200A5459A /* LaunchScreen.storyboard in Resources */,
				D387E1121F42DBF200A5459A /* Assets.xcassets in Resources */,
				D387E1101F42DBF200A5459A /* Main.storyboard in Resources */,
			);
			runOnlyForDeploymentPostprocessing = 0;
		};
		D387E1191F42DBF200A5459A /* Resources */ = {
			isa = PBXResourcesBuildPhase;
			buildActionMask = 2147483647;
			files = (
			);
			runOnlyForDeploymentPostprocessing = 0;
		};
		D387E1241F42DBF200A5459A /* Resources */ = {
			isa = PBXResourcesBuildPhase;
			buildActionMask = 2147483647;
			files = (
			);
			runOnlyForDeploymentPostprocessing = 0;
		};
/* End PBXResourcesBuildPhase section */

/* Begin PBXShellScriptBuildPhase section */
		1D974CF87CC41D0CDAD22EC7 /* [CP] Check Pods Manifest.lock */ = {
			isa = PBXShellScriptBuildPhase;
			buildActionMask = 2147483647;
			files = (
			);
			inputPaths = (
			);
			name = "[CP] Check Pods Manifest.lock";
			outputPaths = (
			);
			runOnlyForDeploymentPostprocessing = 0;
			shellPath = /bin/sh;
			shellScript = "diff \"${PODS_PODFILE_DIR_PATH}/Podfile.lock\" \"${PODS_ROOT}/Manifest.lock\" > /dev/null\nif [ $? != 0 ] ; then\n    # print error to STDERR\n    echo \"error: The sandbox is not in sync with the Podfile.lock. Run 'pod install' or update your CocoaPods installation.\" >&2\n    exit 1\nfi\n";
			showEnvVarsInLog = 0;
		};
		68E56EC14437E7B1EB134F46 /* [CP] Copy Pods Resources */ = {
			isa = PBXShellScriptBuildPhase;
			buildActionMask = 2147483647;
			files = (
			);
			inputPaths = (
			);
			name = "[CP] Copy Pods Resources";
			outputPaths = (
			);
			runOnlyForDeploymentPostprocessing = 0;
			shellPath = /bin/sh;
			shellScript = "\"${SRCROOT}/Pods/Target Support Files/Pods-A_Category/Pods-A_Category-resources.sh\"\n";
			showEnvVarsInLog = 0;
		};
		BF72A5BAD3427B9E20DCF7A4 /* [CP] Embed Pods Frameworks */ = {
			isa = PBXShellScriptBuildPhase;
			buildActionMask = 2147483647;
			files = (
			);
			inputPaths = (
			);
			name = "[CP] Embed Pods Frameworks";
			outputPaths = (
			);
			runOnlyForDeploymentPostprocessing = 0;
			shellPath = /bin/sh;
			shellScript = "\"${SRCROOT}/Pods/Target Support Files/Pods-A_Category/Pods-A_Category-frameworks.sh\"\n";
			showEnvVarsInLog = 0;
		};
/* End PBXShellScriptBuildPhase section */

/* Begin PBXSourcesBuildPhase section */
		D387E0FE1F42DBF200A5459A /* Sources */ = {
			isa = PBXSourcesBuildPhase;
			buildActionMask = 2147483647;
			files = (
				D387E10D1F42DBF200A5459A /* ViewController.m in Sources */,
				D387E13D1F42DE5F00A5459A /* CTMediator+A.m in Sources */,
				D387E10A1F42DBF200A5459A /* AppDelegate.m in Sources */,
				D387E1071F42DBF200A5459A /* main.m in Sources */,
			);
			runOnlyForDeploymentPostprocessing = 0;
		};
		D387E1171F42DBF200A5459A /* Sources */ = {
			isa = PBXSourcesBuildPhase;
			buildActionMask = 2147483647;
			files = (
				D387E1201F42DBF200A5459A /* A_CategoryTests.m in Sources */,
			);
			runOnlyForDeploymentPostprocessing = 0;
		};
		D387E1221F42DBF200A5459A /* Sources */ = {
			isa = PBXSourcesBuildPhase;
			buildActionMask = 2147483647;
			files = (
				D387E12B1F42DBF200A5459A /* A_CategoryUITests.m in Sources */,
			);
			runOnlyForDeploymentPostprocessing = 0;
		};
/* End PBXSourcesBuildPhase section */

/* Begin PBXTargetDependency section */
		D387E11D1F42DBF200A5459A /* PBXTargetDependency */ = {
			isa = PBXTargetDependency;
			target = D387E1011F42DBF200A5459A /* A_Category */;
			targetProxy = D387E11C1F42DBF200A5459A /* PBXContainerItemProxy */;
		};
		D387E1281F42DBF200A5459A /* PBXTargetDependency */ = {
			isa = PBXTargetDependency;
			target = D387E1011F42DBF200A5459A /* A_Category */;
			targetProxy = D387E1271F42DBF200A5459A /* PBXContainerItemProxy */;
		};
/* End PBXTargetDependency section */

/* Begin PBXVariantGroup section */
		D387E10E1F42DBF200A5459A /* Main.storyboard */ = {
			isa = PBXVariantGroup;
			children = (
				D387E10F1F42DBF200A5459A /* Base */,
			);
			name = Main.storyboard;
			sourceTree = "<group>";
		};
		D387E1131F42DBF200A5459A /* LaunchScreen.storyboard */ = {
			isa = PBXVariantGroup;
			children = (
				D387E1141F42DBF200A5459A /* Base */,
			);
			name = LaunchScreen.storyboard;
			sourceTree = "<group>";
		};
/* End PBXVariantGroup section */

/* Begin XCBuildConfiguration section */
		D387E12D1F42DBF200A5459A /* Debug */ = {
			isa = XCBuildConfiguration;
			buildSettings = {
				ALWAYS_SEARCH_USER_PATHS = NO;
				CLANG_ANALYZER_NONNULL = YES;
				CLANG_ANALYZER_NUMBER_OBJECT_CONVERSION = YES_AGGRESSIVE;
				CLANG_CXX_LANGUAGE_STANDARD = "gnu++0x";
				CLANG_CXX_LIBRARY = "libc++";
				CLANG_ENABLE_MODULES = YES;
				CLANG_ENABLE_OBJC_ARC = YES;
				CLANG_WARN_BOOL_CONVERSION = YES;
				CLANG_WARN_CONSTANT_CONVERSION = YES;
				CLANG_WARN_DIRECT_OBJC_ISA_USAGE = YES_ERROR;
				CLANG_WARN_DOCUMENTATION_COMMENTS = YES;
				CLANG_WARN_EMPTY_BODY = YES;
				CLANG_WARN_ENUM_CONVERSION = YES;
				CLANG_WARN_INFINITE_RECURSION = YES;
				CLANG_WARN_INT_CONVERSION = YES;
				CLANG_WARN_OBJC_ROOT_CLASS = YES_ERROR;
				CLANG_WARN_SUSPICIOUS_MOVE = YES;
				CLANG_WARN_UNREACHABLE_CODE = YES;
				CLANG_WARN__DUPLICATE_METHOD_MATCH = YES;
				"CODE_SIGN_IDENTITY[sdk=iphoneos*]" = "iPhone Developer";
				COPY_PHASE_STRIP = NO;
				DEBUG_INFORMATION_FORMAT = dwarf;
				ENABLE_STRICT_OBJC_MSGSEND = YES;
				ENABLE_TESTABILITY = YES;
				GCC_C_LANGUAGE_STANDARD = gnu99;
				GCC_DYNAMIC_NO_PIC = NO;
				GCC_NO_COMMON_BLOCKS = YES;
				GCC_OPTIMIZATION_LEVEL = 0;
				GCC_PREPROCESSOR_DEFINITIONS = (
					"DEBUG=1",
					"$(inherited)",
				);
				GCC_WARN_64_TO_32_BIT_CONVERSION = YES;
				GCC_WARN_ABOUT_RETURN_TYPE = YES_ERROR;
				GCC_WARN_UNDECLARED_SELECTOR = YES;
				GCC_WARN_UNINITIALIZED_AUTOS = YES_AGGRESSIVE;
				GCC_WARN_UNUSED_FUNCTION = YES;
				GCC_WARN_UNUSED_VARIABLE = YES;
				IPHONEOS_DEPLOYMENT_TARGET = 10.3;
				MTL_ENABLE_DEBUG_INFO = YES;
				ONLY_ACTIVE_ARCH = YES;
				SDKROOT = iphoneos;
			};
			name = Debug;
		};
		D387E12E1F42DBF200A5459A /* Release */ = {
			isa = XCBuildConfiguration;
			buildSettings = {
				ALWAYS_SEARCH_USER_PATHS = NO;
				CLANG_ANALYZER_NONNULL = YES;
				CLANG_ANALYZER_NUMBER_OBJECT_CONVERSION = YES_AGGRESSIVE;
				CLANG_CXX_LANGUAGE_STANDARD = "gnu++0x";
				CLANG_CXX_LIBRARY = "libc++";
				CLANG_ENABLE_MODULES = YES;
				CLANG_ENABLE_OBJC_ARC = YES;
				CLANG_WARN_BOOL_CONVERSION = YES;
				CLANG_WARN_CONSTANT_CONVERSION = YES;
				CLANG_WARN_DIRECT_OBJC_ISA_USAGE = YES_ERROR;
				CLANG_WARN_DOCUMENTATION_COMMENTS = YES;
				CLANG_WARN_EMPTY_BODY = YES;
				CLANG_WARN_ENUM_CONVERSION = YES;
				CLANG_WARN_INFINITE_RECURSION = YES;
				CLANG_WARN_INT_CONVERSION = YES;
				CLANG_WARN_OBJC_ROOT_CLASS = YES_ERROR;
				CLANG_WARN_SUSPICIOUS_MOVE = YES;
				CLANG_WARN_UNREACHABLE_CODE = YES;
				CLANG_WARN__DUPLICATE_METHOD_MATCH = YES;
				"CODE_SIGN_IDENTITY[sdk=iphoneos*]" = "iPhone Developer";
				COPY_PHASE_STRIP = NO;
				DEBUG_INFORMATION_FORMAT = "dwarf-with-dsym";
				ENABLE_NS_ASSERTIONS = NO;
				ENABLE_STRICT_OBJC_MSGSEND = YES;
				GCC_C_LANGUAGE_STANDARD = gnu99;
				GCC_NO_COMMON_BLOCKS = YES;
				GCC_WARN_64_TO_32_BIT_CONVERSION = YES;
				GCC_WARN_ABOUT_RETURN_TYPE = YES_ERROR;
				GCC_WARN_UNDECLARED_SELECTOR = YES;
				GCC_WARN_UNINITIALIZED_AUTOS = YES_AGGRESSIVE;
				GCC_WARN_UNUSED_FUNCTION = YES;
				GCC_WARN_UNUSED_VARIABLE = YES;
				IPHONEOS_DEPLOYMENT_TARGET = 10.3;
				MTL_ENABLE_DEBUG_INFO = NO;
				SDKROOT = iphoneos;
				VALIDATE_PRODUCT = YES;
			};
			name = Release;
		};
		D387E1301F42DBF200A5459A /* Debug */ = {
			isa = XCBuildConfiguration;
			baseConfigurationReference = 6E09A83B0A61388F9B6DDE9C /* Pods-A_Category.debug.xcconfig */;
			buildSettings = {
				ASSETCATALOG_COMPILER_APPICON_NAME = AppIcon;
				DEVELOPMENT_TEAM = 479JY7DY3H;
				INFOPLIST_FILE = A_Category/Info.plist;
				LD_RUNPATH_SEARCH_PATHS = "$(inherited) @executable_path/Frameworks";
				PRODUCT_BUNDLE_IDENTIFIER = "com.hyx.A-Category";
				PRODUCT_NAME = "$(TARGET_NAME)";
			};
			name = Debug;
		};
		D387E1311F42DBF200A5459A /* Release */ = {
			isa = XCBuildConfiguration;
			baseConfigurationReference = C9B761B471E6C0DB4C3B6D40 /* Pods-A_Category.release.xcconfig */;
			buildSettings = {
				ASSETCATALOG_COMPILER_APPICON_NAME = AppIcon;
				DEVELOPMENT_TEAM = 479JY7DY3H;
				INFOPLIST_FILE = A_Category/Info.plist;
				LD_RUNPATH_SEARCH_PATHS = "$(inherited) @executable_path/Frameworks";
				PRODUCT_BUNDLE_IDENTIFIER = "com.hyx.A-Category";
				PRODUCT_NAME = "$(TARGET_NAME)";
			};
			name = Release;
		};
		D387E1331F42DBF200A5459A /* Debug */ = {
			isa = XCBuildConfiguration;
			buildSettings = {
				BUNDLE_LOADER = "$(TEST_HOST)";
				INFOPLIST_FILE = A_CategoryTests/Info.plist;
				LD_RUNPATH_SEARCH_PATHS = "$(inherited) @executable_path/Frameworks @loader_path/Frameworks";
				PRODUCT_BUNDLE_IDENTIFIER = "com.hyx.A-CategoryTests";
				PRODUCT_NAME = "$(TARGET_NAME)";
				TEST_HOST = "$(BUILT_PRODUCTS_DIR)/A_Category.app/A_Category";
			};
			name = Debug;
		};
		D387E1341F42DBF200A5459A /* Release */ = {
			isa = XCBuildConfiguration;
			buildSettings = {
				BUNDLE_LOADER = "$(TEST_HOST)";
				INFOPLIST_FILE = A_CategoryTests/Info.plist;
				LD_RUNPATH_SEARCH_PATHS = "$(inherited) @executable_path/Frameworks @loader_path/Frameworks";
				PRODUCT_BUNDLE_IDENTIFIER = "com.hyx.A-CategoryTests";
				PRODUCT_NAME = "$(TARGET_NAME)";
				TEST_HOST = "$(BUILT_PRODUCTS_DIR)/A_Category.app/A_Category";
			};
			name = Release;
		};
		D387E1361F42DBF200A5459A /* Debug */ = {
			isa = XCBuildConfiguration;
			buildSettings = {
				INFOPLIST_FILE = A_CategoryUITests/Info.plist;
				LD_RUNPATH_SEARCH_PATHS = "$(inherited) @executable_path/Frameworks @loader_path/Frameworks";
				PRODUCT_BUNDLE_IDENTIFIER = "com.hyx.A-CategoryUITests";
				PRODUCT_NAME = "$(TARGET_NAME)";
				TEST_TARGET_NAME = A_Category;
			};
			name = Debug;
		};
		D387E1371F42DBF200A5459A /* Release */ = {
			isa = XCBuildConfiguration;
			buildSettings = {
				INFOPLIST_FILE = A_CategoryUITests/Info.plist;
				LD_RUNPATH_SEARCH_PATHS = "$(inherited) @executable_path/Frameworks @loader_path/Frameworks";
				PRODUCT_BUNDLE_IDENTIFIER = "com.hyx.A-CategoryUITests";
				PRODUCT_NAME = "$(TARGET_NAME)";
				TEST_TARGET_NAME = A_Category;
			};
			name = Release;
		};
/* End XCBuildConfiguration section */

/* Begin XCConfigurationList section */
		D387E0FD1F42DBF200A5459A /* Build configuration list for PBXProject "A_Category" */ = {
			isa = XCConfigurationList;
			buildConfigurations = (
				D387E12D1F42DBF200A5459A /* Debug */,
				D387E12E1F42DBF200A5459A /* Release */,
			);
			defaultConfigurationIsVisible = 0;
			defaultConfigurationName = Release;
		};
		D387E12F1F42DBF200A5459A /* Build configuration list for PBXNativeTarget "A_Category" */ = {
			isa = XCConfigurationList;
			buildConfigurations = (
				D387E1301F42DBF200A5459A /* Debug */,
				D387E1311F42DBF200A5459A /* Release */,
			);
			defaultConfigurationIsVisible = 0;
			defaultConfigurationName = Release;
		};
		D387E1321F42DBF200A5459A /* Build configuration list for PBXNativeTarget "A_CategoryTests" */ = {
			isa = XCConfigurationList;
			buildConfigurations = (
				D387E1331F42DBF200A5459A /* Debug */,
				D387E1341F42DBF200A5459A /* Release */,
			);
			defaultConfigurationIsVisible = 0;
			defaultConfigurationName = Release;
		};
		D387E1351F42DBF200A5459A /* Build configuration list for PBXNativeTarget "A_CategoryUITests" */ = {
			isa = XCConfigurationList;
			buildConfigurations = (
				D387E1361F42DBF200A5459A /* Debug */,
				D387E1371F42DBF200A5459A /* Release */,
			);
			defaultConfigurationIsVisible = 0;
			defaultConfigurationName = Release;
		};
/* End XCConfigurationList section */
	};
	rootObject = D387E0FA1F42DBF200A5459A /* Project object */;
}
